# This file is autogenerated, do not edit; changes may be undone by the next 'dep ensure'.


[[projects]]
  digest = "1:154553adb3aa75d939d470cc54028a580fc26b386bf037c0377ba4086a3ebbae"
  name = "github.com/openfaas-incubator/connector-sdk"
  packages = ["types"]
  pruneopts = "UT"
  revision = "5c20fe6664651994fe4fdd3094081e542bb32434"
  version = "0.4.2"

[[projects]]
  digest = "1:3f69624cb4ae8ab815a672f7d169d64786ee027a9d42eefab3c9d4e9debe0750"
  name = "github.com/openfaas/faas"
  packages = ["gateway/requests"]
  pruneopts = "UT"
  revision = "a156f26443b42c3544160b68040a068150796d24"
  version = "0.15.4"

[[projects]]
  digest = "1:57ef1eb08e128d58c028f402b2030582907c49efc461f4764cf5c9161a4af2c0"
  name = "github.com/openfaas/faas-provider"
  packages = ["auth"]
  pruneopts = "UT"
  revision = "a7f9772feb70aae25b0c4420dbb64ed31684c525"
  version = "0.9.5"

[[projects]]
  digest = "1:cf31692c14422fa27c83a05292eb5cbe0fb2775972e8f1f8446a71549bd8980b"
  name = "github.com/pkg/errors"
  packages = ["."]
  pruneopts = "UT"
  revision = "ba968bfe8b2f7e042a574c888954fccecfa385b4"
  version = "v0.8.1"

[[projects]]
  branch = "v2"
  digest = "1:e8c48aa61ea272e211858e52979ad4d114c60bfe6900d12431ac697482100b0a"
  name = "gopkg.in/robfig/cron.v2"
  packages = ["."]
  pruneopts = "UT"
  revision = "be2e0b0deed5a68ffee390b4583a13aff8321535"

[solve-meta]
  analyzer-name = "dep"
  analyzer-version = 1
  input-imports = [
    "github.com/openfaas-incubator/connector-sdk/types",
    "github.com/openfaas/faas/gateway/requests",
    "github.com/pkg/errors",
    "gopkg.in/robfig/cron.v2",
  ]
  solver-name = "gps-cdcl"
  solver-version = 1
